
Microsoft Visual Studio Solution File, Format Version 12.00
# Visual Studio Version 16
VisualStudioVersion = 16.0.30717.126
MinimumVisualStudioVersion = 15.0.26124.0
Project("{9A19103F-16F7-4668-BE54-9A1E7A4F7556}") = "CampariTest", "CampariTest.csproj", "{ACC94447-A022-473F-B8DC-3EDFEF1197DA}"
	ProjectSection(ProjectDependencies) = postProject
		{864AC324-8AC2-4703-BAE0-349D2F71A34B} = {864AC324-8AC2-4703-BAE0-349D2F71A34B}
	EndProjectSection
EndProject
Project("{2150E333-8FDC-42A3-9474-1A3956D46DE8}") = "lib", "lib", "{7458041A-4F16-4809-8854-72D011C66157}"
EndProject
Project("{FAE04EC0-301F-11D3-BF4B-00C04F79EFBC}") = "SDL2-CS", "lib\SDL2-CS\SDL2-CS.csproj", "{85480198-8711-4355-830E-72FD794AD3F6}"
EndProject
Project("{9A19103F-16F7-4668-BE54-9A1E7A4F7556}") = "Campari", "lib\Campari\Campari.csproj", "{63B8958B-A498-44D7-AEE5-63071A169C3A}"
EndProject
Project("{9A19103F-16F7-4668-BE54-9A1E7A4F7556}") = "RefreshCS", "lib\Campari\lib\RefreshCS\RefreshCS.csproj", "{864AC324-8AC2-4703-BAE0-349D2F71A34B}"
EndProject
Global
	GlobalSection(SolutionConfigurationPlatforms) = preSolution
		Debug|x64 = Debug|x64
		Release|x64 = Release|x64
	EndGlobalSection
	GlobalSection(ProjectConfigurationPlatforms) = postSolution
		{ACC94447-A022-473F-B8DC-3EDFEF1197DA}.Debug|x64.ActiveCfg = Debug|x64
		{ACC94447-A022-473F-B8DC-3EDFEF1197DA}.Debug|x64.Build.0 = Debug|x64
		{ACC94447-A022-473F-B8DC-3EDFEF1197DA}.Release|x64.ActiveCfg = Release|x64
		{ACC94447-A022-473F-B8DC-3EDFEF1197DA}.Release|x64.Build.0 = Release|x64
		{85480198-8711-4355-830E-72FD794AD3F6}.Debug|x64.ActiveCfg = Debug|x64
		{85480198-8711-4355-830E-72FD794AD3F6}.Debug|x64.Build.0 = Debug|x64
		{85480198-8711-4355-830E-72FD794AD3F6}.Release|x64.ActiveCfg = Release|x64
		{85480198-8711-4355-830E-72FD794AD3F6}.Release|x64.Build.0 = Release|x64
		{63B8958B-A498-44D7-AEE5-63071A169C3A}.Debug|x64.ActiveCfg = Debug|x64
		{63B8958B-A498-44D7-AEE5-63071A169C3A}.Debug|x64.Build.0 = Debug|x64
		{63B8958B-A498-44D7-AEE5-63071A169C3A}.Release|x64.ActiveCfg = Release|x64
		{63B8958B-A498-44D7-AEE5-63071A169C3A}.Release|x64.Build.0 = Release|x64
		{864AC324-8AC2-4703-BAE0-349D2F71A34B}.Debug|x64.ActiveCfg = Debug|x64
		{864AC324-8AC2-4703-BAE0-349D2F71A34B}.Debug|x64.Build.0 = Debug|x64
		{864AC324-8AC2-4703-BAE0-349D2F71A34B}.Release|x64.ActiveCfg = Release|x64
		{864AC324-8AC2-4703-BAE0-349D2F71A34B}.Release|x64.Build.0 = Release|x64
	EndGlobalSection
	GlobalSection(SolutionProperties) = preSolution
		HideSolutionNode = FALSE
	EndGlobalSection
	GlobalSection(NestedProjects) = preSolution
		{85480198-8711-4355-830E-72FD794AD3F6} = {7458041A-4F16-4809-8854-72D011C66157}
		{63B8958B-A498-44D7-AEE5-63071A169C3A} = {7458041A-4F16-4809-8854-72D011C66157}
		{864AC324-8AC2-4703-BAE0-349D2F71A34B} = {7458041A-4F16-4809-8854-72D011C66157}
	EndGlobalSection
	GlobalSection(ExtensibilityGlobals) = postSolution
		SolutionGuid = {767D5D28-6401-4435-A4A9-D7D37AEB2BB4}
	EndGlobalSection
EndGlobal
